// !$*UTF8*$!
{
	archiveVersion = 1;
	classes = {
	};
	objectVersion = 46;
	objects = {

/* Begin PBXBuildFile section */
		CC4C455D1D63593F00AFCE40 /* AppDelegate.swift in Sources */ = {isa = PBXBuildFile; fileRef = CC4C455C1D63593F00AFCE40 /* AppDelegate.swift */; };
		CC4C455F1D63593F00AFCE40 /* MasterViewController.swift in Sources */ = {isa = PBXBuildFile; fileRef = CC4C455E1D63593F00AFCE40 /* MasterViewController.swift */; };
		CC4C45611D63593F00AFCE40 /* DetailViewController.swift in Sources */ = {isa = PBXBuildFile; fileRef = CC4C45601D63593F00AFCE40 /* DetailViewController.swift */; };
		CC4C45641D63593F00AFCE40 /* Main.storyboard in Resources */ = {isa = PBXBuildFile; fileRef = CC4C45621D63593F00AFCE40 /* Main.storyboard */; };
		CC4C45661D63593F00AFCE40 /* Assets.xcassets in Resources */ = {isa = PBXBuildFile; fileRef = CC4C45651D63593F00AFCE40 /* Assets.xcassets */; };
		CC4C45691D63593F00AFCE40 /* LaunchScreen.storyboard in Resources */ = {isa = PBXBuildFile; fileRef = CC4C45671D63593F00AFCE40 /* LaunchScreen.storyboard */; };
		CCC26A4E1D63AE47006B68CB /* SwiftyJSON.swift in Sources */ = {isa = PBXBuildFile; fileRef = CCC26A4D1D63AE47006B68CB /* SwiftyJSON.swift */; };
/* End PBXBuildFile section */

/* Begin PBXFileReference section */
		CC4C45591D63593F00AFCE40 /* Project7.app */ = {isa = PBXFileReference; explicitFileType = wrapper.application; includeInIndex = 0; path = Project7.app; sourceTree = BUILT_PRODUCTS_DIR; };
		CC4C455C1D63593F00AFCE40 /* AppDelegate.swift */ = {isa = PBXFileReference; lastKnownFileType = sourcecode.swift; path = AppDelegate.swift; sourceTree = "<group>"; };
		CC4C455E1D63593F00AFCE40 /* MasterViewController.swift */ = {isa = PBXFileReference; lastKnownFileType = sourcecode.swift; path = MasterViewController.swift; sourceTree = "<group>"; };
		CC4C45601D63593F00AFCE40 /* DetailViewController.swift */ = {isa = PBXFileReference; lastKnownFileType = sourcecode.swift; path = DetailViewController.swift; sourceTree = "<group>"; };
		CC4C45631D63593F00AFCE40 /* Base */ = {isa = PBXFileReference; lastKnownFileType = file.storyboard; name = Base; path = Base.lproj/Main.storyboard; sourceTree = "<group>"; };
		CC4C45651D63593F00AFCE40 /* Assets.xcassets */ = {isa = PBXFileReference; lastKnownFileType = folder.assetcatalog; path = Assets.xcassets; sourceTree = "<group>"; };
		CC4C45681D63593F00AFCE40 /* Base */ = {isa = PBXFileReference; lastKnownFileType = file.storyboard; name = Base; path = Base.lproj/LaunchScreen.storyboard; sourceTree = "<group>"; };
		CC4C456A1D63593F00AFCE40 /* Info.plist */ = {isa = PBXFileReference; lastKnownFileType = text.plist.xml; path = Info.plist; sourceTree = "<group>"; };
		CCC26A4D1D63AE47006B68CB /* SwiftyJSON.swift */ = {isa = PBXFileReference; fileEncoding = 4; lastKnownFileType = sourcecode.swift; path = SwiftyJSON.swift; sourceTree = "<group>"; };
/* End PBXFileReference section */

/* Begin PBXFrameworksBuildPhase section */
		CC4C45561D63593B00AFCE40 /* Frameworks */ = {
			isa = PBXFrameworksBuildPhase;
			buildActionMask = 2147483647;
			files = (
			);
			runOnlyForDeploymentPostprocessing = 0;
		};
/* End PBXFrameworksBuildPhase section */

/* Begin PBXGroup section */
		CC4C45501D63593B00AFCE40 = {
			isa = PBXGroup;
			children = (
				CC4C455B1D63593F00AFCE40 /* Project7 */,
				CC4C455A1D63593F00AFCE40 /* Products */,
			);
			sourceTree = "<group>";
		};
		CC4C455A1D63593F00AFCE40 /* Products */ = {
			isa = PBXGroup;
			children = (
				CC4C45591D63593F00AFCE40 /* Project7.app */,
			);
			name = Products;
			sourceTree = "<group>";
		};
		CC4C455B1D63593F00AFCE40 /* Project7 */ = {
			isa = PBXGroup;
			children = (
				CC4C455C1D63593F00AFCE40 /* AppDelegate.swift */,
				CC4C455E1D63593F00AFCE40 /* MasterViewController.swift */,
				CC4C45601D63593F00AFCE40 /* DetailViewController.swift */,
				CC4C45621D63593F00AFCE40 /* Main.storyboard */,
				CC4C45651D63593F00AFCE40 /* Assets.xcassets */,
				CC4C45671D63593F00AFCE40 /* LaunchScreen.storyboard */,
				CC4C456A1D63593F00AFCE40 /* Info.plist */,
				CCC26A4D1D63AE47006B68CB /* SwiftyJSON.swift */,
			);
			path = Project7;
			sourceTree = "<group>";
		};
/* End PBXGroup section */

/* Begin PBXNativeTarget section */
		CC4C45581D63593B00AFCE40 /* Project7 */ = {
			isa = PBXNativeTarget;
			buildConfigurationList = CC4C456D1D63593F00AFCE40 /* Build configuration list for PBXNativeTarget "Project7" */;
			buildPhases = (
				CC4C45551D63593B00AFCE40 /* Sources */,
				CC4C45561D63593B00AFCE40 /* Frameworks */,
				CC4C45571D63593B00AFCE40 /* Resources */,
			);
			buildRules = (
			);
			dependencies = (
			);
			name = Project7;
			productName = Project7;
			productReference = CC4C45591D63593F00AFCE40 /* Project7.app */;
			productType = "com.apple.product-type.application";
		};
/* End PBXNativeTarget section */

/* Begin PBXProject section */
		CC4C45511D63593B00AFCE40 /* Project object */ = {
			isa = PBXProject;
			attributes = {
				LastSwiftUpdateCheck = 0800;
				LastUpgradeCheck = 0800;
				ORGANIZATIONNAME = "Devan Beitel";
				TargetAttributes = {
					CC4C45581D63593B00AFCE40 = {
						CreatedOnToolsVersion = 8.0;
						ProvisioningStyle = Automatic;
					};
				};
			};
			buildConfigurationList = CC4C45541D63593B00AFCE40 /* Build configuration list for PBXProject "Project7" */;
			compatibilityVersion = "Xcode 3.2";
			developmentRegion = English;
			hasScannedForEncodings = 0;
			knownRegions = (
				en,
				Base,
			);
			mainGroup = CC4C45501D63593B00AFCE40;
			productRefGroup = CC4C455A1D63593F00AFCE40 /* Products */;
			projectDirPath = "";
			projectRoot = "";
			targets = (
				CC4C45581D63593B00AFCE40 /* Project7 */,
			);
		};
/* End PBXProject section */

/* Begin PBXResourcesBuildPhase section */
		CC4C45571D63593B00AFCE40 /* Resources */ = {
			isa = PBXResourcesBuildPhase;
			buildActionMask = 2147483647;
			files = (
				CC4C45691D63593F00AFCE40 /* LaunchScreen.storyboard in Resources */,
				CC4C45661D63593F00AFCE40 /* Assets.xcassets in Resources */,
				CC4C45641D63593F00AFCE40 /* Main.storyboard in Resources */,
			);
			runOnlyForDeploymentPostprocessing = 0;
		};
/* End PBXResourcesBuildPhase section */

/* Begin PBXSourcesBuildPhase section */
		CC4C45551D63593B00AFCE40 /* Sources */ = {
			isa = PBXSourcesBuildPhase;
			buildActionMask = 2147483647;
			files = (
				CC4C45611D63593F00AFCE40 /* DetailViewController.swift in Sources */,
				CC4C455F1D63593F00AFCE40 /* MasterViewController.swift in Sources */,
				CC4C455D1D63593F00AFCE40 /* AppDelegate.swift in Sources */,
				CCC26A4E1D63AE47006B68CB /* SwiftyJSON.swift in Sources */,
			);
			runOnlyForDeploymentPostprocessing = 0;
		};
/* End PBXSourcesBuildPhase section */

/* Begin PBXVariantGroup section */
		CC4C45621D63593F00AFCE40 /* Main.storyboard */ = {
			isa = PBXVariantGroup;
			children = (
				CC4C45631D63593F00AFCE40 /* Base */,
			);
			name = Main.storyboard;
			sourceTree = "<group>";
		};
		CC4C45671D63593F00AFCE40 /* LaunchScreen.storyboard */ = {
			isa = PBXVariantGroup;
			children = (
				CC4C45681D63593F00AFCE40 /* Base */,
			);
			name = LaunchScreen.storyboard;
			sourceTree = "<group>";
		};
/* End PBXVariantGroup section */

/* Begin XCBuildConfiguration section */
		CC4C456B1D63593F00AFCE40 /* Debug */ = {
			isa = XCBuildConfiguration;
			buildSettings = {
				ALWAYS_SEARCH_USER_PATHS = NO;
				CLANG_ANALYZER_NONNULL = YES;
				CLANG_CXX_LANGUAGE_STANDARD = "gnu++0x";
				CLANG_CXX_LIBRARY = "libc++";
				CLANG_ENABLE_MODULES = YES;
				CLANG_ENABLE_OBJC_ARC = YES;
				CLANG_WARN_BOOL_CONVERSION = YES;
				CLANG_WARN_CONSTANT_CONVERSION = YES;
				CLANG_WARN_DIRECT_OBJC_ISA_USAGE = YES_ERROR;
				CLANG_WARN_DOCUMENTATION_COMMENTS = YES;
				CLANG_WARN_EMPTY_BODY = YES;
				CLANG_WARN_ENUM_CONVERSION = YES;
				CLANG_WARN_INFINITE_RECURSION = YES;
				CLANG_WARN_INT_CONVERSION = YES;
				CLANG_WARN_OBJC_ROOT_CLASS = YES_ERROR;
				CLANG_WARN_SUSPICIOUS_MOVES = YES;
				CLANG_WARN_UNREACHABLE_CODE = YES;
				CLANG_WARN__DUPLICATE_METHOD_MATCH = YES;
				"CODE_SIGN_IDENTITY[sdk=iphoneos*]" = "iPhone Developer";
				COPY_PHASE_STRIP = NO;
				DEBUG_INFORMATION_FORMAT = dwarf;
				ENABLE_STRICT_OBJC_MSGSEND = YES;
				ENABLE_TESTABILITY = YES;
				GCC_C_LANGUAGE_STANDARD = gnu99;
				GCC_DYNAMIC_NO_PIC = NO;
				GCC_NO_COMMON_BLOCKS = YES;
				GCC_OPTIMIZATION_LEVEL = 0;
				GCC_PREPROCESSOR_DEFINITIONS = (
					"DEBUG=1",
					"$(inherited)",
				);
				GCC_WARN_64_TO_32_BIT_CONVERSION = YES;
				GCC_WARN_ABOUT_RETURN_TYPE = YES_ERROR;
				GCC_WARN_UNDECLARED_SELECTOR = YES;
				GCC_WARN_UNINITIALIZED_AUTOS = YES_AGGRESSIVE;
				GCC_WARN_UNUSED_FUNCTION = YES;
				GCC_WARN_UNUSED_VARIABLE = YES;
				IPHONEOS_DEPLOYMENT_TARGET = 10.0;
				MTL_ENABLE_DEBUG_INFO = YES;
				ONLY_ACTIVE_ARCH = YES;
				SDKROOT = iphoneos;
				SWIFT_ACTIVE_COMPILATION_CONDITIONS = DEBUG;
				SWIFT_OPTIMIZATION_LEVEL = "-Onone";
				TARGETED_DEVICE_FAMILY = 2;
			};
			name = Debug;
		};
		CC4C456C1D63593F00AFCE40 /* Release */ = {
			isa = XCBuildConfiguration;
			buildSettings = {
				ALWAYS_SEARCH_USER_PATHS = NO;
				CLANG_ANALYZER_NONNULL = YES;
				CLANG_CXX_LANGUAGE_STANDARD = "gnu++0x";
				CLANG_CXX_LIBRARY = "libc++";
				CLANG_ENABLE_MODULES = YES;
				CLANG_ENABLE_OBJC_ARC = YES;
				CLANG_WARN_BOOL_CONVERSION = YES;
				CLANG_WARN_CONSTANT_CONVERSION = YES;
				CLANG_WARN_DIRECT_OBJC_ISA_USAGE = YES_ERROR;
				CLANG_WARN_DOCUMENTATION_COMMENTS = YES;
				CLANG_WARN_EMPTY_BODY = YES;
				CLANG_WARN_ENUM_CONVERSION = YES;
				CLANG_WARN_INFINITE_RECURSION = YES;
				CLANG_WARN_INT_CONVERSION = YES;
				CLANG_WARN_OBJC_ROOT_CLASS = YES_ERROR;
				CLANG_WARN_SUSPICIOUS_MOVES = YES;
				CLANG_WARN_UNREACHABLE_CODE = YES;
				CLANG_WARN__DUPLICATE_METHOD_MATCH = YES;
				"CODE_SIGN_IDENTITY[sdk=iphoneos*]" = "iPhone Developer";
				COPY_PHASE_STRIP = NO;
				DEBUG_INFORMATION_FORMAT = "dwarf-with-dsym";
				ENABLE_NS_ASSERTIONS = NO;
				ENABLE_STRICT_OBJC_MSGSEND = YES;
				GCC_C_LANGUAGE_STANDARD = gnu99;
				GCC_NO_COMMON_BLOCKS = YES;
				GCC_WARN_64_TO_32_BIT_CONVERSION = YES;
				GCC_WARN_ABOUT_RETURN_TYPE = YES_ERROR;
				GCC_WARN_UNDECLARED_SELECTOR = YES;
				GCC_WARN_UNINITIALIZED_AUTOS = YES_AGGRESSIVE;
				GCC_WARN_UNUSED_FUNCTION = YES;
				GCC_WARN_UNUSED_VARIABLE = YES;
				IPHONEOS_DEPLOYMENT_TARGET = 10.0;
				MTL_ENABLE_DEBUG_INFO = NO;
				SDKROOT = iphoneos;
				SWIFT_OPTIMIZATION_LEVEL = "-Owholemodule";
				TARGETED_DEVICE_FAMILY = 2;
				VALIDATE_PRODUCT = YES;
			};
			name = Release;
		};
		CC4C456E1D63593F00AFCE40 /* Debug */ = {
			isa = XCBuildConfiguration;
			buildSettings = {
				ASSETCATALOG_COMPILER_APPICON_NAME = AppIcon;
				INFOPLIST_FILE = Project7/Info.plist;
				LD_RUNPATH_SEARCH_PATHS = "$(inherited) @executable_path/Frameworks";
				PRODUCT_BUNDLE_IDENTIFIER = us.devanb.Project7;
				PRODUCT_NAME = "$(TARGET_NAME)";
				SWIFT_VERSION = 3.0;
			};
			name = Debug;
		};
		CC4C456F1D63593F00AFCE40 /* Release */ = {
			isa = XCBuildConfiguration;
			buildSettings = {
				ASSETCATALOG_COMPILER_APPICON_NAME = AppIcon;
				INFOPLIST_FILE = Project7/Info.plist;
				LD_RUNPATH_SEARCH_PATHS = "$(inherited) @executable_path/Frameworks";
				PRODUCT_BUNDLE_IDENTIFIER = us.devanb.Project7;
				PRODUCT_NAME = "$(TARGET_NAME)";
				SWIFT_VERSION = 3.0;
			};
			name = Release;
		};
/* End XCBuildConfiguration section */

/* Begin XCConfigurationList section */
		CC4C45541D63593B00AFCE40 /* Build configuration list for PBXProject "Project7" */ = {
			isa = XCConfigurationList;
			buildConfigurations = (
				CC4C456B1D63593F00AFCE40 /* Debug */,
				CC4C456C1D63593F00AFCE40 /* Release */,
			);
			defaultConfigurationIsVisible = 0;
			defaultConfigurationName = Release;
		};
		CC4C456D1D63593F00AFCE40 /* Build configuration list for PBXNativeTarget "Project7" */ = {
			isa = XCConfigurationList;
			buildConfigurations = (
				CC4C456E1D63593F00AFCE40 /* Debug */,
				CC4C456F1D63593F00AFCE40 /* Release */,
			);
			defaultConfigurationIsVisible = 0;
			defaultConfigurationName = Release;
		};
/* End XCConfigurationList section */
	};
	rootObject = CC4C45511D63593B00AFCE40 /* Project object */;
}
