// !$*UTF8*$!
{
	archiveVersion = 1;
	classes = {
	};
	objectVersion = 46;
	objects = {

/* Begin PBXBuildFile section */
		CCD636201D8F6B3C00DE48E3 /* AppDelegate.swift in Sources */ = {isa = PBXBuildFile; fileRef = CCD6361F1D8F6B3C00DE48E3 /* AppDelegate.swift */; };
		CCD636221D8F6B3C00DE48E3 /* ViewController.swift in Sources */ = {isa = PBXBuildFile; fileRef = CCD636211D8F6B3C00DE48E3 /* ViewController.swift */; };
		CCD636251D8F6B3C00DE48E3 /* Main.storyboard in Resources */ = {isa = PBXBuildFile; fileRef = CCD636231D8F6B3C00DE48E3 /* Main.storyboard */; };
		CCD636271D8F6B3C00DE48E3 /* Assets.xcassets in Resources */ = {isa = PBXBuildFile; fileRef = CCD636261D8F6B3C00DE48E3 /* Assets.xcassets */; };
		CCD6362A1D8F6B3C00DE48E3 /* LaunchScreen.storyboard in Resources */ = {isa = PBXBuildFile; fileRef = CCD636281D8F6B3C00DE48E3 /* LaunchScreen.storyboard */; };
		CCD636331D8F6BE400DE48E3 /* MapKit.framework in Frameworks */ = {isa = PBXBuildFile; fileRef = CCD636321D8F6BE400DE48E3 /* MapKit.framework */; };
		CCD636351D8F6D3100DE48E3 /* Capital.swift in Sources */ = {isa = PBXBuildFile; fileRef = CCD636341D8F6D3100DE48E3 /* Capital.swift */; };
/* End PBXBuildFile section */

/* Begin PBXFileReference section */
		CCD6361C1D8F6B3C00DE48E3 /* Project19.app */ = {isa = PBXFileReference; explicitFileType = wrapper.application; includeInIndex = 0; path = Project19.app; sourceTree = BUILT_PRODUCTS_DIR; };
		CCD6361F1D8F6B3C00DE48E3 /* AppDelegate.swift */ = {isa = PBXFileReference; lastKnownFileType = sourcecode.swift; path = AppDelegate.swift; sourceTree = "<group>"; };
		CCD636211D8F6B3C00DE48E3 /* ViewController.swift */ = {isa = PBXFileReference; lastKnownFileType = sourcecode.swift; path = ViewController.swift; sourceTree = "<group>"; };
		CCD636241D8F6B3C00DE48E3 /* Base */ = {isa = PBXFileReference; lastKnownFileType = file.storyboard; name = Base; path = Base.lproj/Main.storyboard; sourceTree = "<group>"; };
		CCD636261D8F6B3C00DE48E3 /* Assets.xcassets */ = {isa = PBXFileReference; lastKnownFileType = folder.assetcatalog; path = Assets.xcassets; sourceTree = "<group>"; };
		CCD636291D8F6B3C00DE48E3 /* Base */ = {isa = PBXFileReference; lastKnownFileType = file.storyboard; name = Base; path = Base.lproj/LaunchScreen.storyboard; sourceTree = "<group>"; };
		CCD6362B1D8F6B3C00DE48E3 /* Info.plist */ = {isa = PBXFileReference; lastKnownFileType = text.plist.xml; path = Info.plist; sourceTree = "<group>"; };
		CCD636321D8F6BE400DE48E3 /* MapKit.framework */ = {isa = PBXFileReference; lastKnownFileType = wrapper.framework; name = MapKit.framework; path = System/Library/Frameworks/MapKit.framework; sourceTree = SDKROOT; };
		CCD636341D8F6D3100DE48E3 /* Capital.swift */ = {isa = PBXFileReference; fileEncoding = 4; lastKnownFileType = sourcecode.swift; path = Capital.swift; sourceTree = "<group>"; };
/* End PBXFileReference section */

/* Begin PBXFrameworksBuildPhase section */
		CCD636191D8F6B3C00DE48E3 /* Frameworks */ = {
			isa = PBXFrameworksBuildPhase;
			buildActionMask = 2147483647;
			files = (
				CCD636331D8F6BE400DE48E3 /* MapKit.framework in Frameworks */,
			);
			runOnlyForDeploymentPostprocessing = 0;
		};
/* End PBXFrameworksBuildPhase section */

/* Begin PBXGroup section */
		CCD636131D8F6B3C00DE48E3 = {
			isa = PBXGroup;
			children = (
				CCD6361E1D8F6B3C00DE48E3 /* Project19 */,
				CCD6361D1D8F6B3C00DE48E3 /* Products */,
				CCD636311D8F6BE400DE48E3 /* Frameworks */,
			);
			sourceTree = "<group>";
		};
		CCD6361D1D8F6B3C00DE48E3 /* Products */ = {
			isa = PBXGroup;
			children = (
				CCD6361C1D8F6B3C00DE48E3 /* Project19.app */,
			);
			name = Products;
			sourceTree = "<group>";
		};
		CCD6361E1D8F6B3C00DE48E3 /* Project19 */ = {
			isa = PBXGroup;
			children = (
				CCD6361F1D8F6B3C00DE48E3 /* AppDelegate.swift */,
				CCD636211D8F6B3C00DE48E3 /* ViewController.swift */,
				CCD636231D8F6B3C00DE48E3 /* Main.storyboard */,
				CCD636341D8F6D3100DE48E3 /* Capital.swift */,
				CCD636261D8F6B3C00DE48E3 /* Assets.xcassets */,
				CCD636281D8F6B3C00DE48E3 /* LaunchScreen.storyboard */,
				CCD6362B1D8F6B3C00DE48E3 /* Info.plist */,
			);
			path = Project19;
			sourceTree = "<group>";
		};
		CCD636311D8F6BE400DE48E3 /* Frameworks */ = {
			isa = PBXGroup;
			children = (
				CCD636321D8F6BE400DE48E3 /* MapKit.framework */,
			);
			name = Frameworks;
			sourceTree = "<group>";
		};
/* End PBXGroup section */

/* Begin PBXNativeTarget section */
		CCD6361B1D8F6B3C00DE48E3 /* Project19 */ = {
			isa = PBXNativeTarget;
			buildConfigurationList = CCD6362E1D8F6B3C00DE48E3 /* Build configuration list for PBXNativeTarget "Project19" */;
			buildPhases = (
				CCD636181D8F6B3C00DE48E3 /* Sources */,
				CCD636191D8F6B3C00DE48E3 /* Frameworks */,
				CCD6361A1D8F6B3C00DE48E3 /* Resources */,
			);
			buildRules = (
			);
			dependencies = (
			);
			name = Project19;
			productName = Project19;
			productReference = CCD6361C1D8F6B3C00DE48E3 /* Project19.app */;
			productType = "com.apple.product-type.application";
		};
/* End PBXNativeTarget section */

/* Begin PBXProject section */
		CCD636141D8F6B3C00DE48E3 /* Project object */ = {
			isa = PBXProject;
			attributes = {
				LastSwiftUpdateCheck = 0800;
				LastUpgradeCheck = 0800;
				ORGANIZATIONNAME = "Devan Beitel";
				TargetAttributes = {
					CCD6361B1D8F6B3C00DE48E3 = {
						CreatedOnToolsVersion = 8.0;
						ProvisioningStyle = Automatic;
						SystemCapabilities = {
							com.apple.Maps.iOS = {
								enabled = 1;
							};
						};
					};
				};
			};
			buildConfigurationList = CCD636171D8F6B3C00DE48E3 /* Build configuration list for PBXProject "Project19" */;
			compatibilityVersion = "Xcode 3.2";
			developmentRegion = English;
			hasScannedForEncodings = 0;
			knownRegions = (
				en,
				Base,
			);
			mainGroup = CCD636131D8F6B3C00DE48E3;
			productRefGroup = CCD6361D1D8F6B3C00DE48E3 /* Products */;
			projectDirPath = "";
			projectRoot = "";
			targets = (
				CCD6361B1D8F6B3C00DE48E3 /* Project19 */,
			);
		};
/* End PBXProject section */

/* Begin PBXResourcesBuildPhase section */
		CCD6361A1D8F6B3C00DE48E3 /* Resources */ = {
			isa = PBXResourcesBuildPhase;
			buildActionMask = 2147483647;
			files = (
				CCD6362A1D8F6B3C00DE48E3 /* LaunchScreen.storyboard in Resources */,
				CCD636271D8F6B3C00DE48E3 /* Assets.xcassets in Resources */,
				CCD636251D8F6B3C00DE48E3 /* Main.storyboard in Resources */,
			);
			runOnlyForDeploymentPostprocessing = 0;
		};
/* End PBXResourcesBuildPhase section */

/* Begin PBXSourcesBuildPhase section */
		CCD636181D8F6B3C00DE48E3 /* Sources */ = {
			isa = PBXSourcesBuildPhase;
			buildActionMask = 2147483647;
			files = (
				CCD636221D8F6B3C00DE48E3 /* ViewController.swift in Sources */,
				CCD636201D8F6B3C00DE48E3 /* AppDelegate.swift in Sources */,
				CCD636351D8F6D3100DE48E3 /* Capital.swift in Sources */,
			);
			runOnlyForDeploymentPostprocessing = 0;
		};
/* End PBXSourcesBuildPhase section */

/* Begin PBXVariantGroup section */
		CCD636231D8F6B3C00DE48E3 /* Main.storyboard */ = {
			isa = PBXVariantGroup;
			children = (
				CCD636241D8F6B3C00DE48E3 /* Base */,
			);
			name = Main.storyboard;
			sourceTree = "<group>";
		};
		CCD636281D8F6B3C00DE48E3 /* LaunchScreen.storyboard */ = {
			isa = PBXVariantGroup;
			children = (
				CCD636291D8F6B3C00DE48E3 /* Base */,
			);
			name = LaunchScreen.storyboard;
			sourceTree = "<group>";
		};
/* End PBXVariantGroup section */

/* Begin XCBuildConfiguration section */
		CCD6362C1D8F6B3C00DE48E3 /* Debug */ = {
			isa = XCBuildConfiguration;
			buildSettings = {
				ALWAYS_SEARCH_USER_PATHS = NO;
				CLANG_ANALYZER_NONNULL = YES;
				CLANG_CXX_LANGUAGE_STANDARD = "gnu++0x";
				CLANG_CXX_LIBRARY = "libc++";
				CLANG_ENABLE_MODULES = YES;
				CLANG_ENABLE_OBJC_ARC = YES;
				CLANG_WARN_BOOL_CONVERSION = YES;
				CLANG_WARN_CONSTANT_CONVERSION = YES;
				CLANG_WARN_DIRECT_OBJC_ISA_USAGE = YES_ERROR;
				CLANG_WARN_DOCUMENTATION_COMMENTS = YES;
				CLANG_WARN_EMPTY_BODY = YES;
				CLANG_WARN_ENUM_CONVERSION = YES;
				CLANG_WARN_INFINITE_RECURSION = YES;
				CLANG_WARN_INT_CONVERSION = YES;
				CLANG_WARN_OBJC_ROOT_CLASS = YES_ERROR;
				CLANG_WARN_SUSPICIOUS_MOVES = YES;
				CLANG_WARN_UNREACHABLE_CODE = YES;
				CLANG_WARN__DUPLICATE_METHOD_MATCH = YES;
				"CODE_SIGN_IDENTITY[sdk=iphoneos*]" = "iPhone Developer";
				COPY_PHASE_STRIP = NO;
				DEBUG_INFORMATION_FORMAT = dwarf;
				ENABLE_STRICT_OBJC_MSGSEND = YES;
				ENABLE_TESTABILITY = YES;
				GCC_C_LANGUAGE_STANDARD = gnu99;
				GCC_DYNAMIC_NO_PIC = NO;
				GCC_NO_COMMON_BLOCKS = YES;
				GCC_OPTIMIZATION_LEVEL = 0;
				GCC_PREPROCESSOR_DEFINITIONS = (
					"DEBUG=1",
					"$(inherited)",
				);
				GCC_WARN_64_TO_32_BIT_CONVERSION = YES;
				GCC_WARN_ABOUT_RETURN_TYPE = YES_ERROR;
				GCC_WARN_UNDECLARED_SELECTOR = YES;
				GCC_WARN_UNINITIALIZED_AUTOS = YES_AGGRESSIVE;
				GCC_WARN_UNUSED_FUNCTION = YES;
				GCC_WARN_UNUSED_VARIABLE = YES;
				IPHONEOS_DEPLOYMENT_TARGET = 10.0;
				MTL_ENABLE_DEBUG_INFO = YES;
				ONLY_ACTIVE_ARCH = YES;
				SDKROOT = iphoneos;
				SWIFT_ACTIVE_COMPILATION_CONDITIONS = DEBUG;
				SWIFT_OPTIMIZATION_LEVEL = "-Onone";
			};
			name = Debug;
		};
		CCD6362D1D8F6B3C00DE48E3 /* Release */ = {
			isa = XCBuildConfiguration;
			buildSettings = {
				ALWAYS_SEARCH_USER_PATHS = NO;
				CLANG_ANALYZER_NONNULL = YES;
				CLANG_CXX_LANGUAGE_STANDARD = "gnu++0x";
				CLANG_CXX_LIBRARY = "libc++";
				CLANG_ENABLE_MODULES = YES;
				CLANG_ENABLE_OBJC_ARC = YES;
				CLANG_WARN_BOOL_CONVERSION = YES;
				CLANG_WARN_CONSTANT_CONVERSION = YES;
				CLANG_WARN_DIRECT_OBJC_ISA_USAGE = YES_ERROR;
				CLANG_WARN_DOCUMENTATION_COMMENTS = YES;
				CLANG_WARN_EMPTY_BODY = YES;
				CLANG_WARN_ENUM_CONVERSION = YES;
				CLANG_WARN_INFINITE_RECURSION = YES;
				CLANG_WARN_INT_CONVERSION = YES;
				CLANG_WARN_OBJC_ROOT_CLASS = YES_ERROR;
				CLANG_WARN_SUSPICIOUS_MOVES = YES;
				CLANG_WARN_UNREACHABLE_CODE = YES;
				CLANG_WARN__DUPLICATE_METHOD_MATCH = YES;
				"CODE_SIGN_IDENTITY[sdk=iphoneos*]" = "iPhone Developer";
				COPY_PHASE_STRIP = NO;
				DEBUG_INFORMATION_FORMAT = "dwarf-with-dsym";
				ENABLE_NS_ASSERTIONS = NO;
				ENABLE_STRICT_OBJC_MSGSEND = YES;
				GCC_C_LANGUAGE_STANDARD = gnu99;
				GCC_NO_COMMON_BLOCKS = YES;
				GCC_WARN_64_TO_32_BIT_CONVERSION = YES;
				GCC_WARN_ABOUT_RETURN_TYPE = YES_ERROR;
				GCC_WARN_UNDECLARED_SELECTOR = YES;
				GCC_WARN_UNINITIALIZED_AUTOS = YES_AGGRESSIVE;
				GCC_WARN_UNUSED_FUNCTION = YES;
				GCC_WARN_UNUSED_VARIABLE = YES;
				IPHONEOS_DEPLOYMENT_TARGET = 10.0;
				MTL_ENABLE_DEBUG_INFO = NO;
				SDKROOT = iphoneos;
				SWIFT_OPTIMIZATION_LEVEL = "-Owholemodule";
				VALIDATE_PRODUCT = YES;
			};
			name = Release;
		};
		CCD6362F1D8F6B3C00DE48E3 /* Debug */ = {
			isa = XCBuildConfiguration;
			buildSettings = {
				ASSETCATALOG_COMPILER_APPICON_NAME = AppIcon;
				INFOPLIST_FILE = Project19/Info.plist;
				LD_RUNPATH_SEARCH_PATHS = "$(inherited) @executable_path/Frameworks";
				PRODUCT_BUNDLE_IDENTIFIER = us.devanb.Project19;
				PRODUCT_NAME = "$(TARGET_NAME)";
				SWIFT_VERSION = 3.0;
			};
			name = Debug;
		};
		CCD636301D8F6B3C00DE48E3 /* Release */ = {
			isa = XCBuildConfiguration;
			buildSettings = {
				ASSETCATALOG_COMPILER_APPICON_NAME = AppIcon;
				INFOPLIST_FILE = Project19/Info.plist;
				LD_RUNPATH_SEARCH_PATHS = "$(inherited) @executable_path/Frameworks";
				PRODUCT_BUNDLE_IDENTIFIER = us.devanb.Project19;
				PRODUCT_NAME = "$(TARGET_NAME)";
				SWIFT_VERSION = 3.0;
			};
			name = Release;
		};
/* End XCBuildConfiguration section */

/* Begin XCConfigurationList section */
		CCD636171D8F6B3C00DE48E3 /* Build configuration list for PBXProject "Project19" */ = {
			isa = XCConfigurationList;
			buildConfigurations = (
				CCD6362C1D8F6B3C00DE48E3 /* Debug */,
				CCD6362D1D8F6B3C00DE48E3 /* Release */,
			);
			defaultConfigurationIsVisible = 0;
			defaultConfigurationName = Release;
		};
		CCD6362E1D8F6B3C00DE48E3 /* Build configuration list for PBXNativeTarget "Project19" */ = {
			isa = XCConfigurationList;
			buildConfigurations = (
				CCD6362F1D8F6B3C00DE48E3 /* Debug */,
				CCD636301D8F6B3C00DE48E3 /* Release */,
			);
			defaultConfigurationIsVisible = 0;
		};
/* End XCConfigurationList section */
	};
	rootObject = CCD636141D8F6B3C00DE48E3 /* Project object */;
}
