// !$*UTF8*$!
{
	archiveVersion = 1;
	classes = {
	};
	objectVersion = 46;
	objects = {

/* Begin PBXBuildFile section */
		CCD976E91D846C300030D01E /* AppDelegate.swift in Sources */ = {isa = PBXBuildFile; fileRef = CCD976E81D846C300030D01E /* AppDelegate.swift */; };
		CCD976EB1D846C300030D01E /* ViewController.swift in Sources */ = {isa = PBXBuildFile; fileRef = CCD976EA1D846C300030D01E /* ViewController.swift */; };
		CCD976EE1D846C300030D01E /* Main.storyboard in Resources */ = {isa = PBXBuildFile; fileRef = CCD976EC1D846C300030D01E /* Main.storyboard */; };
		CCD976F01D846C300030D01E /* Assets.xcassets in Resources */ = {isa = PBXBuildFile; fileRef = CCD976EF1D846C300030D01E /* Assets.xcassets */; };
		CCD976F31D846C300030D01E /* LaunchScreen.storyboard in Resources */ = {isa = PBXBuildFile; fileRef = CCD976F11D846C300030D01E /* LaunchScreen.storyboard */; };
		CCD977011D8470D90030D01E /* ActionViewController.swift in Sources */ = {isa = PBXBuildFile; fileRef = CCD977001D8470D90030D01E /* ActionViewController.swift */; };
		CCD977041D8470D90030D01E /* MainInterface.storyboard in Resources */ = {isa = PBXBuildFile; fileRef = CCD977021D8470D90030D01E /* MainInterface.storyboard */; };
		CCD977081D8470D90030D01E /* Extension.appex in Embed App Extensions */ = {isa = PBXBuildFile; fileRef = CCD976FE1D8470D90030D01E /* Extension.appex */; settings = {ATTRIBUTES = (RemoveHeadersOnCopy, ); }; };
		CCD9770E1D8478A30030D01E /* Action.js in Resources */ = {isa = PBXBuildFile; fileRef = CCD9770D1D8478A30030D01E /* Action.js */; };
/* End PBXBuildFile section */

/* Begin PBXContainerItemProxy section */
		CCD977061D8470D90030D01E /* PBXContainerItemProxy */ = {
			isa = PBXContainerItemProxy;
			containerPortal = CCD976DD1D846C300030D01E /* Project object */;
			proxyType = 1;
			remoteGlobalIDString = CCD976FD1D8470D90030D01E;
			remoteInfo = Extension;
		};
/* End PBXContainerItemProxy section */

/* Begin PBXCopyFilesBuildPhase section */
		CCD9770C1D8470D90030D01E /* Embed App Extensions */ = {
			isa = PBXCopyFilesBuildPhase;
			buildActionMask = 2147483647;
			dstPath = "";
			dstSubfolderSpec = 13;
			files = (
				CCD977081D8470D90030D01E /* Extension.appex in Embed App Extensions */,
			);
			name = "Embed App Extensions";
			runOnlyForDeploymentPostprocessing = 0;
		};
/* End PBXCopyFilesBuildPhase section */

/* Begin PBXFileReference section */
		CCD976E51D846C300030D01E /* Project16.app */ = {isa = PBXFileReference; explicitFileType = wrapper.application; includeInIndex = 0; path = Project16.app; sourceTree = BUILT_PRODUCTS_DIR; };
		CCD976E81D846C300030D01E /* AppDelegate.swift */ = {isa = PBXFileReference; lastKnownFileType = sourcecode.swift; path = AppDelegate.swift; sourceTree = "<group>"; };
		CCD976EA1D846C300030D01E /* ViewController.swift */ = {isa = PBXFileReference; lastKnownFileType = sourcecode.swift; path = ViewController.swift; sourceTree = "<group>"; };
		CCD976ED1D846C300030D01E /* Base */ = {isa = PBXFileReference; lastKnownFileType = file.storyboard; name = Base; path = Base.lproj/Main.storyboard; sourceTree = "<group>"; };
		CCD976EF1D846C300030D01E /* Assets.xcassets */ = {isa = PBXFileReference; lastKnownFileType = folder.assetcatalog; path = Assets.xcassets; sourceTree = "<group>"; };
		CCD976F21D846C300030D01E /* Base */ = {isa = PBXFileReference; lastKnownFileType = file.storyboard; name = Base; path = Base.lproj/LaunchScreen.storyboard; sourceTree = "<group>"; };
		CCD976F41D846C300030D01E /* Info.plist */ = {isa = PBXFileReference; lastKnownFileType = text.plist.xml; path = Info.plist; sourceTree = "<group>"; };
		CCD976FE1D8470D90030D01E /* Extension.appex */ = {isa = PBXFileReference; explicitFileType = "wrapper.app-extension"; includeInIndex = 0; path = Extension.appex; sourceTree = BUILT_PRODUCTS_DIR; };
		CCD977001D8470D90030D01E /* ActionViewController.swift */ = {isa = PBXFileReference; lastKnownFileType = sourcecode.swift; path = ActionViewController.swift; sourceTree = "<group>"; };
		CCD977031D8470D90030D01E /* Base */ = {isa = PBXFileReference; lastKnownFileType = file.storyboard; name = Base; path = Base.lproj/MainInterface.storyboard; sourceTree = "<group>"; };
		CCD977051D8470D90030D01E /* Info.plist */ = {isa = PBXFileReference; lastKnownFileType = text.plist.xml; path = Info.plist; sourceTree = "<group>"; };
		CCD9770D1D8478A30030D01E /* Action.js */ = {isa = PBXFileReference; fileEncoding = 4; lastKnownFileType = sourcecode.javascript; path = Action.js; sourceTree = "<group>"; };
/* End PBXFileReference section */

/* Begin PBXFrameworksBuildPhase section */
		CCD976E21D846C300030D01E /* Frameworks */ = {
			isa = PBXFrameworksBuildPhase;
			buildActionMask = 2147483647;
			files = (
			);
			runOnlyForDeploymentPostprocessing = 0;
		};
		CCD976FB1D8470D90030D01E /* Frameworks */ = {
			isa = PBXFrameworksBuildPhase;
			buildActionMask = 2147483647;
			files = (
			);
			runOnlyForDeploymentPostprocessing = 0;
		};
/* End PBXFrameworksBuildPhase section */

/* Begin PBXGroup section */
		CCD976DC1D846C300030D01E = {
			isa = PBXGroup;
			children = (
				CCD976E71D846C300030D01E /* Project16 */,
				CCD976FF1D8470D90030D01E /* Extension */,
				CCD976E61D846C300030D01E /* Products */,
			);
			sourceTree = "<group>";
		};
		CCD976E61D846C300030D01E /* Products */ = {
			isa = PBXGroup;
			children = (
				CCD976E51D846C300030D01E /* Project16.app */,
				CCD976FE1D8470D90030D01E /* Extension.appex */,
			);
			name = Products;
			sourceTree = "<group>";
		};
		CCD976E71D846C300030D01E /* Project16 */ = {
			isa = PBXGroup;
			children = (
				CCD976E81D846C300030D01E /* AppDelegate.swift */,
				CCD976EA1D846C300030D01E /* ViewController.swift */,
				CCD976EC1D846C300030D01E /* Main.storyboard */,
				CCD976EF1D846C300030D01E /* Assets.xcassets */,
				CCD976F11D846C300030D01E /* LaunchScreen.storyboard */,
				CCD976F41D846C300030D01E /* Info.plist */,
			);
			path = Project16;
			sourceTree = "<group>";
		};
		CCD976FF1D8470D90030D01E /* Extension */ = {
			isa = PBXGroup;
			children = (
				CCD977001D8470D90030D01E /* ActionViewController.swift */,
				CCD977021D8470D90030D01E /* MainInterface.storyboard */,
				CCD977051D8470D90030D01E /* Info.plist */,
				CCD9770D1D8478A30030D01E /* Action.js */,
			);
			path = Extension;
			sourceTree = "<group>";
		};
/* End PBXGroup section */

/* Begin PBXNativeTarget section */
		CCD976E41D846C300030D01E /* Project16 */ = {
			isa = PBXNativeTarget;
			buildConfigurationList = CCD976F71D846C300030D01E /* Build configuration list for PBXNativeTarget "Project16" */;
			buildPhases = (
				CCD976E11D846C300030D01E /* Sources */,
				CCD976E21D846C300030D01E /* Frameworks */,
				CCD976E31D846C300030D01E /* Resources */,
				CCD9770C1D8470D90030D01E /* Embed App Extensions */,
			);
			buildRules = (
			);
			dependencies = (
				CCD977071D8470D90030D01E /* PBXTargetDependency */,
			);
			name = Project16;
			productName = Project16;
			productReference = CCD976E51D846C300030D01E /* Project16.app */;
			productType = "com.apple.product-type.application";
		};
		CCD976FD1D8470D90030D01E /* Extension */ = {
			isa = PBXNativeTarget;
			buildConfigurationList = CCD977091D8470D90030D01E /* Build configuration list for PBXNativeTarget "Extension" */;
			buildPhases = (
				CCD976FA1D8470D90030D01E /* Sources */,
				CCD976FB1D8470D90030D01E /* Frameworks */,
				CCD976FC1D8470D90030D01E /* Resources */,
			);
			buildRules = (
			);
			dependencies = (
			);
			name = Extension;
			productName = Extension;
			productReference = CCD976FE1D8470D90030D01E /* Extension.appex */;
			productType = "com.apple.product-type.app-extension";
		};
/* End PBXNativeTarget section */

/* Begin PBXProject section */
		CCD976DD1D846C300030D01E /* Project object */ = {
			isa = PBXProject;
			attributes = {
				LastSwiftUpdateCheck = 0800;
				LastUpgradeCheck = 0800;
				ORGANIZATIONNAME = "Devan Beitel";
				TargetAttributes = {
					CCD976E41D846C300030D01E = {
						CreatedOnToolsVersion = 8.0;
						ProvisioningStyle = Automatic;
					};
					CCD976FD1D8470D90030D01E = {
						CreatedOnToolsVersion = 8.0;
						ProvisioningStyle = Automatic;
					};
				};
			};
			buildConfigurationList = CCD976E01D846C300030D01E /* Build configuration list for PBXProject "Project16" */;
			compatibilityVersion = "Xcode 3.2";
			developmentRegion = English;
			hasScannedForEncodings = 0;
			knownRegions = (
				en,
				Base,
			);
			mainGroup = CCD976DC1D846C300030D01E;
			productRefGroup = CCD976E61D846C300030D01E /* Products */;
			projectDirPath = "";
			projectRoot = "";
			targets = (
				CCD976E41D846C300030D01E /* Project16 */,
				CCD976FD1D8470D90030D01E /* Extension */,
			);
		};
/* End PBXProject section */

/* Begin PBXResourcesBuildPhase section */
		CCD976E31D846C300030D01E /* Resources */ = {
			isa = PBXResourcesBuildPhase;
			buildActionMask = 2147483647;
			files = (
				CCD976F31D846C300030D01E /* LaunchScreen.storyboard in Resources */,
				CCD976F01D846C300030D01E /* Assets.xcassets in Resources */,
				CCD976EE1D846C300030D01E /* Main.storyboard in Resources */,
			);
			runOnlyForDeploymentPostprocessing = 0;
		};
		CCD976FC1D8470D90030D01E /* Resources */ = {
			isa = PBXResourcesBuildPhase;
			buildActionMask = 2147483647;
			files = (
				CCD9770E1D8478A30030D01E /* Action.js in Resources */,
				CCD977041D8470D90030D01E /* MainInterface.storyboard in Resources */,
			);
			runOnlyForDeploymentPostprocessing = 0;
		};
/* End PBXResourcesBuildPhase section */

/* Begin PBXSourcesBuildPhase section */
		CCD976E11D846C300030D01E /* Sources */ = {
			isa = PBXSourcesBuildPhase;
			buildActionMask = 2147483647;
			files = (
				CCD976EB1D846C300030D01E /* ViewController.swift in Sources */,
				CCD976E91D846C300030D01E /* AppDelegate.swift in Sources */,
			);
			runOnlyForDeploymentPostprocessing = 0;
		};
		CCD976FA1D8470D90030D01E /* Sources */ = {
			isa = PBXSourcesBuildPhase;
			buildActionMask = 2147483647;
			files = (
				CCD977011D8470D90030D01E /* ActionViewController.swift in Sources */,
			);
			runOnlyForDeploymentPostprocessing = 0;
		};
/* End PBXSourcesBuildPhase section */

/* Begin PBXTargetDependency section */
		CCD977071D8470D90030D01E /* PBXTargetDependency */ = {
			isa = PBXTargetDependency;
			target = CCD976FD1D8470D90030D01E /* Extension */;
			targetProxy = CCD977061D8470D90030D01E /* PBXContainerItemProxy */;
		};
/* End PBXTargetDependency section */

/* Begin PBXVariantGroup section */
		CCD976EC1D846C300030D01E /* Main.storyboard */ = {
			isa = PBXVariantGroup;
			children = (
				CCD976ED1D846C300030D01E /* Base */,
			);
			name = Main.storyboard;
			sourceTree = "<group>";
		};
		CCD976F11D846C300030D01E /* LaunchScreen.storyboard */ = {
			isa = PBXVariantGroup;
			children = (
				CCD976F21D846C300030D01E /* Base */,
			);
			name = LaunchScreen.storyboard;
			sourceTree = "<group>";
		};
		CCD977021D8470D90030D01E /* MainInterface.storyboard */ = {
			isa = PBXVariantGroup;
			children = (
				CCD977031D8470D90030D01E /* Base */,
			);
			name = MainInterface.storyboard;
			sourceTree = "<group>";
		};
/* End PBXVariantGroup section */

/* Begin XCBuildConfiguration section */
		CCD976F51D846C300030D01E /* Debug */ = {
			isa = XCBuildConfiguration;
			buildSettings = {
				ALWAYS_SEARCH_USER_PATHS = NO;
				CLANG_ANALYZER_NONNULL = YES;
				CLANG_CXX_LANGUAGE_STANDARD = "gnu++0x";
				CLANG_CXX_LIBRARY = "libc++";
				CLANG_ENABLE_MODULES = YES;
				CLANG_ENABLE_OBJC_ARC = YES;
				CLANG_WARN_BOOL_CONVERSION = YES;
				CLANG_WARN_CONSTANT_CONVERSION = YES;
				CLANG_WARN_DIRECT_OBJC_ISA_USAGE = YES_ERROR;
				CLANG_WARN_DOCUMENTATION_COMMENTS = YES;
				CLANG_WARN_EMPTY_BODY = YES;
				CLANG_WARN_ENUM_CONVERSION = YES;
				CLANG_WARN_INFINITE_RECURSION = YES;
				CLANG_WARN_INT_CONVERSION = YES;
				CLANG_WARN_OBJC_ROOT_CLASS = YES_ERROR;
				CLANG_WARN_SUSPICIOUS_MOVES = YES;
				CLANG_WARN_UNREACHABLE_CODE = YES;
				CLANG_WARN__DUPLICATE_METHOD_MATCH = YES;
				"CODE_SIGN_IDENTITY[sdk=iphoneos*]" = "iPhone Developer";
				COPY_PHASE_STRIP = NO;
				DEBUG_INFORMATION_FORMAT = dwarf;
				ENABLE_STRICT_OBJC_MSGSEND = YES;
				ENABLE_TESTABILITY = YES;
				GCC_C_LANGUAGE_STANDARD = gnu99;
				GCC_DYNAMIC_NO_PIC = NO;
				GCC_NO_COMMON_BLOCKS = YES;
				GCC_OPTIMIZATION_LEVEL = 0;
				GCC_PREPROCESSOR_DEFINITIONS = (
					"DEBUG=1",
					"$(inherited)",
				);
				GCC_WARN_64_TO_32_BIT_CONVERSION = YES;
				GCC_WARN_ABOUT_RETURN_TYPE = YES_ERROR;
				GCC_WARN_UNDECLARED_SELECTOR = YES;
				GCC_WARN_UNINITIALIZED_AUTOS = YES_AGGRESSIVE;
				GCC_WARN_UNUSED_FUNCTION = YES;
				GCC_WARN_UNUSED_VARIABLE = YES;
				IPHONEOS_DEPLOYMENT_TARGET = 10.0;
				MTL_ENABLE_DEBUG_INFO = YES;
				ONLY_ACTIVE_ARCH = YES;
				SDKROOT = iphoneos;
				SWIFT_ACTIVE_COMPILATION_CONDITIONS = DEBUG;
				SWIFT_OPTIMIZATION_LEVEL = "-Onone";
			};
			name = Debug;
		};
		CCD976F61D846C300030D01E /* Release */ = {
			isa = XCBuildConfiguration;
			buildSettings = {
				ALWAYS_SEARCH_USER_PATHS = NO;
				CLANG_ANALYZER_NONNULL = YES;
				CLANG_CXX_LANGUAGE_STANDARD = "gnu++0x";
				CLANG_CXX_LIBRARY = "libc++";
				CLANG_ENABLE_MODULES = YES;
				CLANG_ENABLE_OBJC_ARC = YES;
				CLANG_WARN_BOOL_CONVERSION = YES;
				CLANG_WARN_CONSTANT_CONVERSION = YES;
				CLANG_WARN_DIRECT_OBJC_ISA_USAGE = YES_ERROR;
				CLANG_WARN_DOCUMENTATION_COMMENTS = YES;
				CLANG_WARN_EMPTY_BODY = YES;
				CLANG_WARN_ENUM_CONVERSION = YES;
				CLANG_WARN_INFINITE_RECURSION = YES;
				CLANG_WARN_INT_CONVERSION = YES;
				CLANG_WARN_OBJC_ROOT_CLASS = YES_ERROR;
				CLANG_WARN_SUSPICIOUS_MOVES = YES;
				CLANG_WARN_UNREACHABLE_CODE = YES;
				CLANG_WARN__DUPLICATE_METHOD_MATCH = YES;
				"CODE_SIGN_IDENTITY[sdk=iphoneos*]" = "iPhone Developer";
				COPY_PHASE_STRIP = NO;
				DEBUG_INFORMATION_FORMAT = "dwarf-with-dsym";
				ENABLE_NS_ASSERTIONS = NO;
				ENABLE_STRICT_OBJC_MSGSEND = YES;
				GCC_C_LANGUAGE_STANDARD = gnu99;
				GCC_NO_COMMON_BLOCKS = YES;
				GCC_WARN_64_TO_32_BIT_CONVERSION = YES;
				GCC_WARN_ABOUT_RETURN_TYPE = YES_ERROR;
				GCC_WARN_UNDECLARED_SELECTOR = YES;
				GCC_WARN_UNINITIALIZED_AUTOS = YES_AGGRESSIVE;
				GCC_WARN_UNUSED_FUNCTION = YES;
				GCC_WARN_UNUSED_VARIABLE = YES;
				IPHONEOS_DEPLOYMENT_TARGET = 10.0;
				MTL_ENABLE_DEBUG_INFO = NO;
				SDKROOT = iphoneos;
				SWIFT_OPTIMIZATION_LEVEL = "-Owholemodule";
				VALIDATE_PRODUCT = YES;
			};
			name = Release;
		};
		CCD976F81D846C300030D01E /* Debug */ = {
			isa = XCBuildConfiguration;
			buildSettings = {
				ALWAYS_EMBED_SWIFT_STANDARD_LIBRARIES = YES;
				ASSETCATALOG_COMPILER_APPICON_NAME = AppIcon;
				INFOPLIST_FILE = Project16/Info.plist;
				LD_RUNPATH_SEARCH_PATHS = "$(inherited) @executable_path/Frameworks";
				PRODUCT_BUNDLE_IDENTIFIER = us.devanb.Project16;
				PRODUCT_NAME = "$(TARGET_NAME)";
				SWIFT_VERSION = 3.0;
			};
			name = Debug;
		};
		CCD976F91D846C300030D01E /* Release */ = {
			isa = XCBuildConfiguration;
			buildSettings = {
				ALWAYS_EMBED_SWIFT_STANDARD_LIBRARIES = YES;
				ASSETCATALOG_COMPILER_APPICON_NAME = AppIcon;
				INFOPLIST_FILE = Project16/Info.plist;
				LD_RUNPATH_SEARCH_PATHS = "$(inherited) @executable_path/Frameworks";
				PRODUCT_BUNDLE_IDENTIFIER = us.devanb.Project16;
				PRODUCT_NAME = "$(TARGET_NAME)";
				SWIFT_VERSION = 3.0;
			};
			name = Release;
		};
		CCD9770A1D8470D90030D01E /* Debug */ = {
			isa = XCBuildConfiguration;
			buildSettings = {
				INFOPLIST_FILE = Extension/Info.plist;
				LD_RUNPATH_SEARCH_PATHS = "$(inherited) @executable_path/Frameworks @executable_path/../../Frameworks";
				PRODUCT_BUNDLE_IDENTIFIER = us.devanb.Project16.Extension;
				PRODUCT_NAME = "$(TARGET_NAME)";
				SKIP_INSTALL = YES;
				SWIFT_VERSION = 3.0;
			};
			name = Debug;
		};
		CCD9770B1D8470D90030D01E /* Release */ = {
			isa = XCBuildConfiguration;
			buildSettings = {
				INFOPLIST_FILE = Extension/Info.plist;
				LD_RUNPATH_SEARCH_PATHS = "$(inherited) @executable_path/Frameworks @executable_path/../../Frameworks";
				PRODUCT_BUNDLE_IDENTIFIER = us.devanb.Project16.Extension;
				PRODUCT_NAME = "$(TARGET_NAME)";
				SKIP_INSTALL = YES;
				SWIFT_VERSION = 3.0;
			};
			name = Release;
		};
/* End XCBuildConfiguration section */

/* Begin XCConfigurationList section */
		CCD976E01D846C300030D01E /* Build configuration list for PBXProject "Project16" */ = {
			isa = XCConfigurationList;
			buildConfigurations = (
				CCD976F51D846C300030D01E /* Debug */,
				CCD976F61D846C300030D01E /* Release */,
			);
			defaultConfigurationIsVisible = 0;
			defaultConfigurationName = Release;
		};
		CCD976F71D846C300030D01E /* Build configuration list for PBXNativeTarget "Project16" */ = {
			isa = XCConfigurationList;
			buildConfigurations = (
				CCD976F81D846C300030D01E /* Debug */,
				CCD976F91D846C300030D01E /* Release */,
			);
			defaultConfigurationIsVisible = 0;
		};
		CCD977091D8470D90030D01E /* Build configuration list for PBXNativeTarget "Extension" */ = {
			isa = XCConfigurationList;
			buildConfigurations = (
				CCD9770A1D8470D90030D01E /* Debug */,
				CCD9770B1D8470D90030D01E /* Release */,
			);
			defaultConfigurationIsVisible = 0;
		};
/* End XCConfigurationList section */
	};
	rootObject = CCD976DD1D846C300030D01E /* Project object */;
}
