// !$*UTF8*$!
{
	archiveVersion = 1;
	classes = {
	};
	objectVersion = 46;
	objects = {

/* Begin PBXBuildFile section */
		CCD636021D8F5F6400DE48E3 /* AppDelegate.swift in Sources */ = {isa = PBXBuildFile; fileRef = CCD636011D8F5F6400DE48E3 /* AppDelegate.swift */; };
		CCD636041D8F5F6400DE48E3 /* ViewController.swift in Sources */ = {isa = PBXBuildFile; fileRef = CCD636031D8F5F6400DE48E3 /* ViewController.swift */; };
		CCD636071D8F5F6400DE48E3 /* Main.storyboard in Resources */ = {isa = PBXBuildFile; fileRef = CCD636051D8F5F6400DE48E3 /* Main.storyboard */; };
		CCD636091D8F5F6400DE48E3 /* Assets.xcassets in Resources */ = {isa = PBXBuildFile; fileRef = CCD636081D8F5F6400DE48E3 /* Assets.xcassets */; };
		CCD6360C1D8F5F6400DE48E3 /* LaunchScreen.storyboard in Resources */ = {isa = PBXBuildFile; fileRef = CCD6360A1D8F5F6400DE48E3 /* LaunchScreen.storyboard */; };
/* End PBXBuildFile section */

/* Begin PBXFileReference section */
		CCD635FE1D8F5F6400DE48E3 /* Project18.app */ = {isa = PBXFileReference; explicitFileType = wrapper.application; includeInIndex = 0; path = Project18.app; sourceTree = BUILT_PRODUCTS_DIR; };
		CCD636011D8F5F6400DE48E3 /* AppDelegate.swift */ = {isa = PBXFileReference; lastKnownFileType = sourcecode.swift; path = AppDelegate.swift; sourceTree = "<group>"; };
		CCD636031D8F5F6400DE48E3 /* ViewController.swift */ = {isa = PBXFileReference; lastKnownFileType = sourcecode.swift; path = ViewController.swift; sourceTree = "<group>"; };
		CCD636061D8F5F6400DE48E3 /* Base */ = {isa = PBXFileReference; lastKnownFileType = file.storyboard; name = Base; path = Base.lproj/Main.storyboard; sourceTree = "<group>"; };
		CCD636081D8F5F6400DE48E3 /* Assets.xcassets */ = {isa = PBXFileReference; lastKnownFileType = folder.assetcatalog; path = Assets.xcassets; sourceTree = "<group>"; };
		CCD6360B1D8F5F6400DE48E3 /* Base */ = {isa = PBXFileReference; lastKnownFileType = file.storyboard; name = Base; path = Base.lproj/LaunchScreen.storyboard; sourceTree = "<group>"; };
		CCD6360D1D8F5F6400DE48E3 /* Info.plist */ = {isa = PBXFileReference; lastKnownFileType = text.plist.xml; path = Info.plist; sourceTree = "<group>"; };
/* End PBXFileReference section */

/* Begin PBXFrameworksBuildPhase section */
		CCD635FB1D8F5F6400DE48E3 /* Frameworks */ = {
			isa = PBXFrameworksBuildPhase;
			buildActionMask = 2147483647;
			files = (
			);
			runOnlyForDeploymentPostprocessing = 0;
		};
/* End PBXFrameworksBuildPhase section */

/* Begin PBXGroup section */
		CCD635F51D8F5F6400DE48E3 = {
			isa = PBXGroup;
			children = (
				CCD636001D8F5F6400DE48E3 /* Project18 */,
				CCD635FF1D8F5F6400DE48E3 /* Products */,
			);
			sourceTree = "<group>";
		};
		CCD635FF1D8F5F6400DE48E3 /* Products */ = {
			isa = PBXGroup;
			children = (
				CCD635FE1D8F5F6400DE48E3 /* Project18.app */,
			);
			name = Products;
			sourceTree = "<group>";
		};
		CCD636001D8F5F6400DE48E3 /* Project18 */ = {
			isa = PBXGroup;
			children = (
				CCD636011D8F5F6400DE48E3 /* AppDelegate.swift */,
				CCD636031D8F5F6400DE48E3 /* ViewController.swift */,
				CCD636051D8F5F6400DE48E3 /* Main.storyboard */,
				CCD636081D8F5F6400DE48E3 /* Assets.xcassets */,
				CCD6360A1D8F5F6400DE48E3 /* LaunchScreen.storyboard */,
				CCD6360D1D8F5F6400DE48E3 /* Info.plist */,
			);
			path = Project18;
			sourceTree = "<group>";
		};
/* End PBXGroup section */

/* Begin PBXNativeTarget section */
		CCD635FD1D8F5F6400DE48E3 /* Project18 */ = {
			isa = PBXNativeTarget;
			buildConfigurationList = CCD636101D8F5F6400DE48E3 /* Build configuration list for PBXNativeTarget "Project18" */;
			buildPhases = (
				CCD635FA1D8F5F6400DE48E3 /* Sources */,
				CCD635FB1D8F5F6400DE48E3 /* Frameworks */,
				CCD635FC1D8F5F6400DE48E3 /* Resources */,
			);
			buildRules = (
			);
			dependencies = (
			);
			name = Project18;
			productName = Project18;
			productReference = CCD635FE1D8F5F6400DE48E3 /* Project18.app */;
			productType = "com.apple.product-type.application";
		};
/* End PBXNativeTarget section */

/* Begin PBXProject section */
		CCD635F61D8F5F6400DE48E3 /* Project object */ = {
			isa = PBXProject;
			attributes = {
				LastSwiftUpdateCheck = 0800;
				LastUpgradeCheck = 0800;
				ORGANIZATIONNAME = "Devan Beitel";
				TargetAttributes = {
					CCD635FD1D8F5F6400DE48E3 = {
						CreatedOnToolsVersion = 8.0;
						ProvisioningStyle = Automatic;
					};
				};
			};
			buildConfigurationList = CCD635F91D8F5F6400DE48E3 /* Build configuration list for PBXProject "Project18" */;
			compatibilityVersion = "Xcode 3.2";
			developmentRegion = English;
			hasScannedForEncodings = 0;
			knownRegions = (
				en,
				Base,
			);
			mainGroup = CCD635F51D8F5F6400DE48E3;
			productRefGroup = CCD635FF1D8F5F6400DE48E3 /* Products */;
			projectDirPath = "";
			projectRoot = "";
			targets = (
				CCD635FD1D8F5F6400DE48E3 /* Project18 */,
			);
		};
/* End PBXProject section */

/* Begin PBXResourcesBuildPhase section */
		CCD635FC1D8F5F6400DE48E3 /* Resources */ = {
			isa = PBXResourcesBuildPhase;
			buildActionMask = 2147483647;
			files = (
				CCD6360C1D8F5F6400DE48E3 /* LaunchScreen.storyboard in Resources */,
				CCD636091D8F5F6400DE48E3 /* Assets.xcassets in Resources */,
				CCD636071D8F5F6400DE48E3 /* Main.storyboard in Resources */,
			);
			runOnlyForDeploymentPostprocessing = 0;
		};
/* End PBXResourcesBuildPhase section */

/* Begin PBXSourcesBuildPhase section */
		CCD635FA1D8F5F6400DE48E3 /* Sources */ = {
			isa = PBXSourcesBuildPhase;
			buildActionMask = 2147483647;
			files = (
				CCD636041D8F5F6400DE48E3 /* ViewController.swift in Sources */,
				CCD636021D8F5F6400DE48E3 /* AppDelegate.swift in Sources */,
			);
			runOnlyForDeploymentPostprocessing = 0;
		};
/* End PBXSourcesBuildPhase section */

/* Begin PBXVariantGroup section */
		CCD636051D8F5F6400DE48E3 /* Main.storyboard */ = {
			isa = PBXVariantGroup;
			children = (
				CCD636061D8F5F6400DE48E3 /* Base */,
			);
			name = Main.storyboard;
			sourceTree = "<group>";
		};
		CCD6360A1D8F5F6400DE48E3 /* LaunchScreen.storyboard */ = {
			isa = PBXVariantGroup;
			children = (
				CCD6360B1D8F5F6400DE48E3 /* Base */,
			);
			name = LaunchScreen.storyboard;
			sourceTree = "<group>";
		};
/* End PBXVariantGroup section */

/* Begin XCBuildConfiguration section */
		CCD6360E1D8F5F6400DE48E3 /* Debug */ = {
			isa = XCBuildConfiguration;
			buildSettings = {
				ALWAYS_SEARCH_USER_PATHS = NO;
				CLANG_ANALYZER_NONNULL = YES;
				CLANG_CXX_LANGUAGE_STANDARD = "gnu++0x";
				CLANG_CXX_LIBRARY = "libc++";
				CLANG_ENABLE_MODULES = YES;
				CLANG_ENABLE_OBJC_ARC = YES;
				CLANG_WARN_BOOL_CONVERSION = YES;
				CLANG_WARN_CONSTANT_CONVERSION = YES;
				CLANG_WARN_DIRECT_OBJC_ISA_USAGE = YES_ERROR;
				CLANG_WARN_DOCUMENTATION_COMMENTS = YES;
				CLANG_WARN_EMPTY_BODY = YES;
				CLANG_WARN_ENUM_CONVERSION = YES;
				CLANG_WARN_INFINITE_RECURSION = YES;
				CLANG_WARN_INT_CONVERSION = YES;
				CLANG_WARN_OBJC_ROOT_CLASS = YES_ERROR;
				CLANG_WARN_SUSPICIOUS_MOVES = YES;
				CLANG_WARN_UNREACHABLE_CODE = YES;
				CLANG_WARN__DUPLICATE_METHOD_MATCH = YES;
				"CODE_SIGN_IDENTITY[sdk=iphoneos*]" = "iPhone Developer";
				COPY_PHASE_STRIP = NO;
				DEBUG_INFORMATION_FORMAT = dwarf;
				ENABLE_STRICT_OBJC_MSGSEND = YES;
				ENABLE_TESTABILITY = YES;
				GCC_C_LANGUAGE_STANDARD = gnu99;
				GCC_DYNAMIC_NO_PIC = NO;
				GCC_NO_COMMON_BLOCKS = YES;
				GCC_OPTIMIZATION_LEVEL = 0;
				GCC_PREPROCESSOR_DEFINITIONS = (
					"DEBUG=1",
					"$(inherited)",
				);
				GCC_WARN_64_TO_32_BIT_CONVERSION = YES;
				GCC_WARN_ABOUT_RETURN_TYPE = YES_ERROR;
				GCC_WARN_UNDECLARED_SELECTOR = YES;
				GCC_WARN_UNINITIALIZED_AUTOS = YES_AGGRESSIVE;
				GCC_WARN_UNUSED_FUNCTION = YES;
				GCC_WARN_UNUSED_VARIABLE = YES;
				IPHONEOS_DEPLOYMENT_TARGET = 10.0;
				MTL_ENABLE_DEBUG_INFO = YES;
				ONLY_ACTIVE_ARCH = YES;
				SDKROOT = iphoneos;
				SWIFT_ACTIVE_COMPILATION_CONDITIONS = DEBUG;
				SWIFT_OPTIMIZATION_LEVEL = "-Onone";
			};
			name = Debug;
		};
		CCD6360F1D8F5F6400DE48E3 /* Release */ = {
			isa = XCBuildConfiguration;
			buildSettings = {
				ALWAYS_SEARCH_USER_PATHS = NO;
				CLANG_ANALYZER_NONNULL = YES;
				CLANG_CXX_LANGUAGE_STANDARD = "gnu++0x";
				CLANG_CXX_LIBRARY = "libc++";
				CLANG_ENABLE_MODULES = YES;
				CLANG_ENABLE_OBJC_ARC = YES;
				CLANG_WARN_BOOL_CONVERSION = YES;
				CLANG_WARN_CONSTANT_CONVERSION = YES;
				CLANG_WARN_DIRECT_OBJC_ISA_USAGE = YES_ERROR;
				CLANG_WARN_DOCUMENTATION_COMMENTS = YES;
				CLANG_WARN_EMPTY_BODY = YES;
				CLANG_WARN_ENUM_CONVERSION = YES;
				CLANG_WARN_INFINITE_RECURSION = YES;
				CLANG_WARN_INT_CONVERSION = YES;
				CLANG_WARN_OBJC_ROOT_CLASS = YES_ERROR;
				CLANG_WARN_SUSPICIOUS_MOVES = YES;
				CLANG_WARN_UNREACHABLE_CODE = YES;
				CLANG_WARN__DUPLICATE_METHOD_MATCH = YES;
				"CODE_SIGN_IDENTITY[sdk=iphoneos*]" = "iPhone Developer";
				COPY_PHASE_STRIP = NO;
				DEBUG_INFORMATION_FORMAT = "dwarf-with-dsym";
				ENABLE_NS_ASSERTIONS = NO;
				ENABLE_STRICT_OBJC_MSGSEND = YES;
				GCC_C_LANGUAGE_STANDARD = gnu99;
				GCC_NO_COMMON_BLOCKS = YES;
				GCC_WARN_64_TO_32_BIT_CONVERSION = YES;
				GCC_WARN_ABOUT_RETURN_TYPE = YES_ERROR;
				GCC_WARN_UNDECLARED_SELECTOR = YES;
				GCC_WARN_UNINITIALIZED_AUTOS = YES_AGGRESSIVE;
				GCC_WARN_UNUSED_FUNCTION = YES;
				GCC_WARN_UNUSED_VARIABLE = YES;
				IPHONEOS_DEPLOYMENT_TARGET = 10.0;
				MTL_ENABLE_DEBUG_INFO = NO;
				SDKROOT = iphoneos;
				SWIFT_OPTIMIZATION_LEVEL = "-Owholemodule";
				VALIDATE_PRODUCT = YES;
			};
			name = Release;
		};
		CCD636111D8F5F6400DE48E3 /* Debug */ = {
			isa = XCBuildConfiguration;
			buildSettings = {
				ASSETCATALOG_COMPILER_APPICON_NAME = AppIcon;
				INFOPLIST_FILE = Project18/Info.plist;
				LD_RUNPATH_SEARCH_PATHS = "$(inherited) @executable_path/Frameworks";
				PRODUCT_BUNDLE_IDENTIFIER = us.devanb.Project18;
				PRODUCT_NAME = "$(TARGET_NAME)";
				SWIFT_VERSION = 3.0;
			};
			name = Debug;
		};
		CCD636121D8F5F6400DE48E3 /* Release */ = {
			isa = XCBuildConfiguration;
			buildSettings = {
				ASSETCATALOG_COMPILER_APPICON_NAME = AppIcon;
				INFOPLIST_FILE = Project18/Info.plist;
				LD_RUNPATH_SEARCH_PATHS = "$(inherited) @executable_path/Frameworks";
				PRODUCT_BUNDLE_IDENTIFIER = us.devanb.Project18;
				PRODUCT_NAME = "$(TARGET_NAME)";
				SWIFT_VERSION = 3.0;
			};
			name = Release;
		};
/* End XCBuildConfiguration section */

/* Begin XCConfigurationList section */
		CCD635F91D8F5F6400DE48E3 /* Build configuration list for PBXProject "Project18" */ = {
			isa = XCConfigurationList;
			buildConfigurations = (
				CCD6360E1D8F5F6400DE48E3 /* Debug */,
				CCD6360F1D8F5F6400DE48E3 /* Release */,
			);
			defaultConfigurationIsVisible = 0;
			defaultConfigurationName = Release;
		};
		CCD636101D8F5F6400DE48E3 /* Build configuration list for PBXNativeTarget "Project18" */ = {
			isa = XCConfigurationList;
			buildConfigurations = (
				CCD636111D8F5F6400DE48E3 /* Debug */,
				CCD636121D8F5F6400DE48E3 /* Release */,
			);
			defaultConfigurationIsVisible = 0;
		};
/* End XCConfigurationList section */
	};
	rootObject = CCD635F61D8F5F6400DE48E3 /* Project object */;
}
